// !$*UTF8*$!
{
	archiveVersion = 1;
	classes = {
	};
	objectVersion = 50;
	objects = {

/* Begin PBXBuildFile section */
		3406EE5C26DCD5D800E1EC9B /* AppDelegate.swift in Sources */ = {isa = PBXBuildFile; fileRef = 3406EE5B26DCD5D800E1EC9B /* AppDelegate.swift */; };
		3406EE5E26DCD5D800E1EC9B /* SceneDelegate.swift in Sources */ = {isa = PBXBuildFile; fileRef = 3406EE5D26DCD5D800E1EC9B /* SceneDelegate.swift */; };
		3406EE6026DCD5D800E1EC9B /* MemoViewController.swift in Sources */ = {isa = PBXBuildFile; fileRef = 3406EE5F26DCD5D800E1EC9B /* MemoViewController.swift */; };
		3406EE6226DCD5DA00E1EC9B /* Assets.xcassets in Resources */ = {isa = PBXBuildFile; fileRef = 3406EE6126DCD5DA00E1EC9B /* Assets.xcassets */; };
		3406EE6526DCD5DA00E1EC9B /* Preview Assets.xcassets in Resources */ = {isa = PBXBuildFile; fileRef = 3406EE6426DCD5DA00E1EC9B /* Preview Assets.xcassets */; };
		3406EE6826DCD5DA00E1EC9B /* LaunchScreen.storyboard in Resources */ = {isa = PBXBuildFile; fileRef = 3406EE6626DCD5DA00E1EC9B /* LaunchScreen.storyboard */; };
		FFAB2361C6CF04DB69243333 /* Pods_memo.framework in Frameworks */ = {isa = PBXBuildFile; fileRef = 27707BCA7DDFAE655013883D /* Pods_memo.framework */; };
/* End PBXBuildFile section */

/* Begin PBXFileReference section */
		27707BCA7DDFAE655013883D /* Pods_memo.framework */ = {isa = PBXFileReference; explicitFileType = wrapper.framework; includeInIndex = 0; path = Pods_memo.framework; sourceTree = BUILT_PRODUCTS_DIR; };
		3406EE5826DCD5D800E1EC9B /* memo.app */ = {isa = PBXFileReference; explicitFileType = wrapper.application; includeInIndex = 0; path = memo.app; sourceTree = BUILT_PRODUCTS_DIR; };
		3406EE5B26DCD5D800E1EC9B /* AppDelegate.swift */ = {isa = PBXFileReference; lastKnownFileType = sourcecode.swift; path = AppDelegate.swift; sourceTree = "<group>"; };
		3406EE5D26DCD5D800E1EC9B /* SceneDelegate.swift */ = {isa = PBXFileReference; lastKnownFileType = sourcecode.swift; path = SceneDelegate.swift; sourceTree = "<group>"; };
		3406EE5F26DCD5D800E1EC9B /* MemoViewController.swift */ = {isa = PBXFileReference; lastKnownFileType = sourcecode.swift; path = MemoViewController.swift; sourceTree = "<group>"; };
		3406EE6126DCD5DA00E1EC9B /* Assets.xcassets */ = {isa = PBXFileReference; lastKnownFileType = folder.assetcatalog; path = Assets.xcassets; sourceTree = "<group>"; };
		3406EE6426DCD5DA00E1EC9B /* Preview Assets.xcassets */ = {isa = PBXFileReference; lastKnownFileType = folder.assetcatalog; path = "Preview Assets.xcassets"; sourceTree = "<group>"; };
		3406EE6726DCD5DA00E1EC9B /* Base */ = {isa = PBXFileReference; lastKnownFileType = file.storyboard; name = Base; path = Base.lproj/LaunchScreen.storyboard; sourceTree = "<group>"; };
		3406EE6926DCD5DA00E1EC9B /* Info.plist */ = {isa = PBXFileReference; lastKnownFileType = text.plist.xml; path = Info.plist; sourceTree = "<group>"; };
		AB698784D4E09FFB021BED53 /* Pods-memo.debug.xcconfig */ = {isa = PBXFileReference; includeInIndex = 1; lastKnownFileType = text.xcconfig; name = "Pods-memo.debug.xcconfig"; path = "Target Support Files/Pods-memo/Pods-memo.debug.xcconfig"; sourceTree = "<group>"; };
		DB7B5E5375B84DD1C84A53E6 /* Pods-memo.release.xcconfig */ = {isa = PBXFileReference; includeInIndex = 1; lastKnownFileType = text.xcconfig; name = "Pods-memo.release.xcconfig"; path = "Target Support Files/Pods-memo/Pods-memo.release.xcconfig"; sourceTree = "<group>"; };
/* End PBXFileReference section */

/* Begin PBXFrameworksBuildPhase section */
		3406EE5526DCD5D800E1EC9B /* Frameworks */ = {
			isa = PBXFrameworksBuildPhase;
			buildActionMask = 2147483647;
			files = (
				FFAB2361C6CF04DB69243333 /* Pods_memo.framework in Frameworks */,
			);
			runOnlyForDeploymentPostprocessing = 0;
		};
/* End PBXFrameworksBuildPhase section */

/* Begin PBXGroup section */
		3406EE4F26DCD5D800E1EC9B = {
			isa = PBXGroup;
			children = (
				3406EE5A26DCD5D800E1EC9B /* memo */,
				3406EE5926DCD5D800E1EC9B /* Products */,
				F77EB795318C52930F53BB5E /* Pods */,
				9EF990509AF577C331AC497A /* Frameworks */,
			);
			sourceTree = "<group>";
		};
		3406EE5926DCD5D800E1EC9B /* Products */ = {
			isa = PBXGroup;
			children = (
				3406EE5826DCD5D800E1EC9B /* memo.app */,
			);
			name = Products;
			sourceTree = "<group>";
		};
		3406EE5A26DCD5D800E1EC9B /* memo */ = {
			isa = PBXGroup;
			children = (
				3406EE5B26DCD5D800E1EC9B /* AppDelegate.swift */,
				3406EE5D26DCD5D800E1EC9B /* SceneDelegate.swift */,
				3406EE5F26DCD5D800E1EC9B /* MemoViewController.swift */,
				3406EE6126DCD5DA00E1EC9B /* Assets.xcassets */,
				3406EE6626DCD5DA00E1EC9B /* LaunchScreen.storyboard */,
				3406EE6926DCD5DA00E1EC9B /* Info.plist */,
				3406EE6326DCD5DA00E1EC9B /* Preview Content */,
			);
			path = memo;
			sourceTree = "<group>";
		};
		3406EE6326DCD5DA00E1EC9B /* Preview Content */ = {
			isa = PBXGroup;
			children = (
				3406EE6426DCD5DA00E1EC9B /* Preview Assets.xcassets */,
			);
			path = "Preview Content";
			sourceTree = "<group>";
		};
		9EF990509AF577C331AC497A /* Frameworks */ = {
			isa = PBXGroup;
			children = (
				27707BCA7DDFAE655013883D /* Pods_memo.framework */,
			);
			name = Frameworks;
			sourceTree = "<group>";
		};
		F77EB795318C52930F53BB5E /* Pods */ = {
			isa = PBXGroup;
			children = (
				AB698784D4E09FFB021BED53 /* Pods-memo.debug.xcconfig */,
				DB7B5E5375B84DD1C84A53E6 /* Pods-memo.release.xcconfig */,
			);
			name = Pods;
			path = Pods;
			sourceTree = "<group>";
		};
/* End PBXGroup section */

/* Begin PBXNativeTarget section */
		3406EE5726DCD5D800E1EC9B /* memo */ = {
			isa = PBXNativeTarget;
			buildConfigurationList = 3406EE6C26DCD5DA00E1EC9B /* Build configuration list for PBXNativeTarget "memo" */;
			buildPhases = (
				89F311DC43B08B4F4226BE12 /* [CP] Check Pods Manifest.lock */,
				3406EE5426DCD5D800E1EC9B /* Sources */,
				3406EE5526DCD5D800E1EC9B /* Frameworks */,
				3406EE5626DCD5D800E1EC9B /* Resources */,
				B3D9AFDAE6211637D8CE353E /* [CP] Embed Pods Frameworks */,
			);
			buildRules = (
			);
			dependencies = (
			);
			name = memo;
			productName = memo;
			productReference = 3406EE5826DCD5D800E1EC9B /* memo.app */;
			productType = "com.apple.product-type.application";
		};
/* End PBXNativeTarget section */

/* Begin PBXProject section */
		3406EE5026DCD5D800E1EC9B /* Project object */ = {
			isa = PBXProject;
			attributes = {
				LastSwiftUpdateCheck = 1250;
				LastUpgradeCheck = 1250;
				TargetAttributes = {
					3406EE5726DCD5D800E1EC9B = {
						CreatedOnToolsVersion = 12.5.1;
					};
				};
			};
			buildConfigurationList = 3406EE5326DCD5D800E1EC9B /* Build configuration list for PBXProject "memo" */;
			compatibilityVersion = "Xcode 9.3";
			developmentRegion = en;
			hasScannedForEncodings = 0;
			knownRegions = (
				en,
				Base,
			);
			mainGroup = 3406EE4F26DCD5D800E1EC9B;
			productRefGroup = 3406EE5926DCD5D800E1EC9B /* Products */;
			projectDirPath = "";
			projectRoot = "";
			targets = (
				3406EE5726DCD5D800E1EC9B /* memo */,
			);
		};
/* End PBXProject section */

/* Begin PBXResourcesBuildPhase section */
		3406EE5626DCD5D800E1EC9B /* Resources */ = {
			isa = PBXResourcesBuildPhase;
			buildActionMask = 2147483647;
			files = (
				3406EE6826DCD5DA00E1EC9B /* LaunchScreen.storyboard in Resources */,
				3406EE6526DCD5DA00E1EC9B /* Preview Assets.xcassets in Resources */,
				3406EE6226DCD5DA00E1EC9B /* Assets.xcassets in Resources */,
			);
			runOnlyForDeploymentPostprocessing = 0;
		};
/* End PBXResourcesBuildPhase section */

/* Begin PBXShellScriptBuildPhase section */
		89F311DC43B08B4F4226BE12 /* [CP] Check Pods Manifest.lock */ = {
			isa = PBXShellScriptBuildPhase;
			buildActionMask = 2147483647;
			files = (
			);
			inputFileListPaths = (
			);
			inputPaths = (
				"${PODS_PODFILE_DIR_PATH}/Podfile.lock",
				"${PODS_ROOT}/Manifest.lock",
			);
			name = "[CP] Check Pods Manifest.lock";
			outputFileListPaths = (
			);
			outputPaths = (
				"$(DERIVED_FILE_DIR)/Pods-memo-checkManifestLockResult.txt",
			);
			runOnlyForDeploymentPostprocessing = 0;
			shellPath = /bin/sh;
			shellScript = "diff \"${PODS_PODFILE_DIR_PATH}/Podfile.lock\" \"${PODS_ROOT}/Manifest.lock\" > /dev/null\nif [ $? != 0 ] ; then\n    # print error to STDERR\n    echo \"error: The sandbox is not in sync with the Podfile.lock. Run 'pod install' or update your CocoaPods installation.\" >&2\n    exit 1\nfi\n# This output is used by Xcode 'outputs' to avoid re-running this script phase.\necho \"SUCCESS\" > \"${SCRIPT_OUTPUT_FILE_0}\"\n";
			showEnvVarsInLog = 0;
		};
		B3D9AFDAE6211637D8CE353E /* [CP] Embed Pods Frameworks */ = {
			isa = PBXShellScriptBuildPhase;
			buildActionMask = 2147483647;
			files = (
			);
			inputFileListPaths = (
				"${PODS_ROOT}/Target Support Files/Pods-memo/Pods-memo-frameworks-${CONFIGURATION}-input-files.xcfilelist",
			);
			name = "[CP] Embed Pods Frameworks";
			outputFileListPaths = (
				"${PODS_ROOT}/Target Support Files/Pods-memo/Pods-memo-frameworks-${CONFIGURATION}-output-files.xcfilelist",
			);
			runOnlyForDeploymentPostprocessing = 0;
			shellPath = /bin/sh;
			shellScript = "\"${PODS_ROOT}/Target Support Files/Pods-memo/Pods-memo-frameworks.sh\"\n";
			showEnvVarsInLog = 0;
		};
/* End PBXShellScriptBuildPhase section */

/* Begin PBXSourcesBuildPhase section */
		3406EE5426DCD5D800E1EC9B /* Sources */ = {
			isa = PBXSourcesBuildPhase;
			buildActionMask = 2147483647;
			files = (
				3406EE5C26DCD5D800E1EC9B /* AppDelegate.swift in Sources */,
				3406EE5E26DCD5D800E1EC9B /* SceneDelegate.swift in Sources */,
				3406EE6026DCD5D800E1EC9B /* MemoViewController.swift in Sources */,
			);
			runOnlyForDeploymentPostprocessing = 0;
		};
/* End PBXSourcesBuildPhase section */

/* Begin PBXVariantGroup section */
		3406EE6626DCD5DA00E1EC9B /* LaunchScreen.storyboard */ = {
			isa = PBXVariantGroup;
			children = (
				3406EE6726DCD5DA00E1EC9B /* Base */,
			);
			name = LaunchScreen.storyboard;
			sourceTree = "<group>";
		};
/* End PBXVariantGroup section */

/* Begin XCBuildConfiguration section */
		3406EE6A26DCD5DA00E1EC9B /* Debug */ = {
			isa = XCBuildConfiguration;
			buildSettings = {
				ALWAYS_SEARCH_USER_PATHS = NO;
				CLANG_ANALYZER_NONNULL = YES;
				CLANG_ANALYZER_NUMBER_OBJECT_CONVERSION = YES_AGGRESSIVE;
				CLANG_CXX_LANGUAGE_STANDARD = "gnu++14";
				CLANG_CXX_LIBRARY = "libc++";
				CLANG_ENABLE_MODULES = YES;
				CLANG_ENABLE_OBJC_ARC = YES;
				CLANG_ENABLE_OBJC_WEAK = YES;
				CLANG_WARN_BLOCK_CAPTURE_AUTORELEASING = YES;
				CLANG_WARN_BOOL_CONVERSION = YES;
				CLANG_WARN_COMMA = YES;
				CLANG_WARN_CONSTANT_CONVERSION = YES;
				CLANG_WARN_DEPRECATED_OBJC_IMPLEMENTATIONS = YES;
				CLANG_WARN_DIRECT_OBJC_ISA_USAGE = YES_ERROR;
				CLANG_WARN_DOCUMENTATION_COMMENTS = YES;
				CLANG_WARN_EMPTY_BODY = YES;
				CLANG_WARN_ENUM_CONVERSION = YES;
				CLANG_WARN_INFINITE_RECURSION = YES;
				CLANG_WARN_INT_CONVERSION = YES;
				CLANG_WARN_NON_LITERAL_NULL_CONVERSION = YES;
				CLANG_WARN_OBJC_IMPLICIT_RETAIN_SELF = YES;
				CLANG_WARN_OBJC_LITERAL_CONVERSION = YES;
				CLANG_WARN_OBJC_ROOT_CLASS = YES_ERROR;
				CLANG_WARN_QUOTED_INCLUDE_IN_FRAMEWORK_HEADER = YES;
				CLANG_WARN_RANGE_LOOP_ANALYSIS = YES;
				CLANG_WARN_STRICT_PROTOTYPES = YES;
				CLANG_WARN_SUSPICIOUS_MOVE = YES;
				CLANG_WARN_UNGUARDED_AVAILABILITY = YES_AGGRESSIVE;
				CLANG_WARN_UNREACHABLE_CODE = YES;
				CLANG_WARN__DUPLICATE_METHOD_MATCH = YES;
				COPY_PHASE_STRIP = NO;
				DEBUG_INFORMATION_FORMAT = dwarf;
				ENABLE_STRICT_OBJC_MSGSEND = YES;
				ENABLE_TESTABILITY = YES;
				GCC_C_LANGUAGE_STANDARD = gnu11;
				GCC_DYNAMIC_NO_PIC = NO;
				GCC_NO_COMMON_BLOCKS = YES;
				GCC_OPTIMIZATION_LEVEL = 0;
				GCC_PREPROCESSOR_DEFINITIONS = (
					"DEBUG=1",
					"$(inherited)",
				);
				GCC_WARN_64_TO_32_BIT_CONVERSION = YES;
				GCC_WARN_ABOUT_RETURN_TYPE = YES_ERROR;
				GCC_WARN_UNDECLARED_SELECTOR = YES;
				GCC_WARN_UNINITIALIZED_AUTOS = YES_AGGRESSIVE;
				GCC_WARN_UNUSED_FUNCTION = YES;
				GCC_WARN_UNUSED_VARIABLE = YES;
				IPHONEOS_DEPLOYMENT_TARGET = 14.5;
				MTL_ENABLE_DEBUG_INFO = INCLUDE_SOURCE;
				MTL_FAST_MATH = YES;
				ONLY_ACTIVE_ARCH = YES;
				SDKROOT = iphoneos;
				SWIFT_ACTIVE_COMPILATION_CONDITIONS = DEBUG;
				SWIFT_OPTIMIZATION_LEVEL = "-Onone";
			};
			name = Debug;
		};
		3406EE6B26DCD5DA00E1EC9B /* Release */ = {
			isa = XCBuildConfiguration;
			buildSettings = {
				ALWAYS_SEARCH_USER_PATHS = NO;
				CLANG_ANALYZER_NONNULL = YES;
				CLANG_ANALYZER_NUMBER_OBJECT_CONVERSION = YES_AGGRESSIVE;
				CLANG_CXX_LANGUAGE_STANDARD = "gnu++14";
				CLANG_CXX_LIBRARY = "libc++";
				CLANG_ENABLE_MODULES = YES;
				CLANG_ENABLE_OBJC_ARC = YES;
				CLANG_ENABLE_OBJC_WEAK = YES;
				CLANG_WARN_BLOCK_CAPTURE_AUTORELEASING = YES;
				CLANG_WARN_BOOL_CONVERSION = YES;
				CLANG_WARN_COMMA = YES;
				CLANG_WARN_CONSTANT_CONVERSION = YES;
				CLANG_WARN_DEPRECATED_OBJC_IMPLEMENTATIONS = YES;
				CLANG_WARN_DIRECT_OBJC_ISA_USAGE = YES_ERROR;
				CLANG_WARN_DOCUMENTATION_COMMENTS = YES;
				CLANG_WARN_EMPTY_BODY = YES;
				CLANG_WARN_ENUM_CONVERSION = YES;
				CLANG_WARN_INFINITE_RECURSION = YES;
				CLANG_WARN_INT_CONVERSION = YES;
				CLANG_WARN_NON_LITERAL_NULL_CONVERSION = YES;
				CLANG_WARN_OBJC_IMPLICIT_RETAIN_SELF = YES;
				CLANG_WARN_OBJC_LITERAL_CONVERSION = YES;
				CLANG_WARN_OBJC_ROOT_CLASS = YES_ERROR;
				CLANG_WARN_QUOTED_INCLUDE_IN_FRAMEWORK_HEADER = YES;
				CLANG_WARN_RANGE_LOOP_ANALYSIS = YES;
				CLANG_WARN_STRICT_PROTOTYPES = YES;
				CLANG_WARN_SUSPICIOUS_MOVE = YES;
				CLANG_WARN_UNGUARDED_AVAILABILITY = YES_AGGRESSIVE;
				CLANG_WARN_UNREACHABLE_CODE = YES;
				CLANG_WARN__DUPLICATE_METHOD_MATCH = YES;
				COPY_PHASE_STRIP = NO;
				DEBUG_INFORMATION_FORMAT = "dwarf-with-dsym";
				ENABLE_NS_ASSERTIONS = NO;
				ENABLE_STRICT_OBJC_MSGSEND = YES;
				GCC_C_LANGUAGE_STANDARD = gnu11;
				GCC_NO_COMMON_BLOCKS = YES;
				GCC_WARN_64_TO_32_BIT_CONVERSION = YES;
				GCC_WARN_ABOUT_RETURN_TYPE = YES_ERROR;
				GCC_WARN_UNDECLARED_SELECTOR = YES;
				GCC_WARN_UNINITIALIZED_AUTOS = YES_AGGRESSIVE;
				GCC_WARN_UNUSED_FUNCTION = YES;
				GCC_WARN_UNUSED_VARIABLE = YES;
				IPHONEOS_DEPLOYMENT_TARGET = 14.5;
				MTL_ENABLE_DEBUG_INFO = NO;
				MTL_FAST_MATH = YES;
				SDKROOT = iphoneos;
				SWIFT_COMPILATION_MODE = wholemodule;
				SWIFT_OPTIMIZATION_LEVEL = "-O";
				VALIDATE_PRODUCT = YES;
			};
			name = Release;
		};
		3406EE6D26DCD5DA00E1EC9B /* Debug */ = {
			isa = XCBuildConfiguration;
			baseConfigurationReference = AB698784D4E09FFB021BED53 /* Pods-memo.debug.xcconfig */;
			buildSettings = {
				ASSETCATALOG_COMPILER_APPICON_NAME = AppIcon;
				ASSETCATALOG_COMPILER_GLOBAL_ACCENT_COLOR_NAME = AccentColor;
				CODE_SIGN_STYLE = Automatic;
				DEVELOPMENT_ASSET_PATHS = "\"memo/Preview Content\"";
				DEVELOPMENT_TEAM = 5J83P8NTMZ;
				ENABLE_PREVIEWS = YES;
				INFOPLIST_FILE = memo/Info.plist;
				LD_RUNPATH_SEARCH_PATHS = (
					"$(inherited)",
					"@executable_path/Frameworks",
				);
				PRODUCT_BUNDLE_IDENTIFIER = hano.com.memo;
				PRODUCT_NAME = "$(TARGET_NAME)";
				SWIFT_VERSION = 5.0;
				TARGETED_DEVICE_FAMILY = "1,2";
			};
			name = Debug;
		};
		3406EE6E26DCD5DA00E1EC9B /* Release */ = {
			isa = XCBuildConfiguration;
			baseConfigurationReference = DB7B5E5375B84DD1C84A53E6 /* Pods-memo.release.xcconfig */;
			buildSettings = {
				ASSETCATALOG_COMPILER_APPICON_NAME = AppIcon;
				ASSETCATALOG_COMPILER_GLOBAL_ACCENT_COLOR_NAME = AccentColor;
				CODE_SIGN_STYLE = Automatic;
				DEVELOPMENT_ASSET_PATHS = "\"memo/Preview Content\"";
				DEVELOPMENT_TEAM = 5J83P8NTMZ;
				ENABLE_PREVIEWS = YES;
				INFOPLIST_FILE = memo/Info.plist;
				LD_RUNPATH_SEARCH_PATHS = (
					"$(inherited)",
					"@executable_path/Frameworks",
				);
				PRODUCT_BUNDLE_IDENTIFIER = hano.com.memo;
				PRODUCT_NAME = "$(TARGET_NAME)";
				SWIFT_VERSION = 5.0;
				TARGETED_DEVICE_FAMILY = "1,2";
			};
			name = Release;
		};
/* End XCBuildConfiguration section */

/* Begin XCConfigurationList section */
		3406EE5326DCD5D800E1EC9B /* Build configuration list for PBXProject "memo" */ = {
			isa = XCConfigurationList;
			buildConfigurations = (
				3406EE6A26DCD5DA00E1EC9B /* Debug */,
				3406EE6B26DCD5DA00E1EC9B /* Release */,
			);
			defaultConfigurationIsVisible = 0;
			defaultConfigurationName = Release;
		};
		3406EE6C26DCD5DA00E1EC9B /* Build configuration list for PBXNativeTarget "memo" */ = {
			isa = XCConfigurationList;
			buildConfigurations = (
				3406EE6D26DCD5DA00E1EC9B /* Debug */,
				3406EE6E26DCD5DA00E1EC9B /* Release */,
			);
			defaultConfigurationIsVisible = 0;
			defaultConfigurationName = Release;
		};
/* End XCConfigurationList section */
	};
	rootObject = 3406EE5026DCD5D800E1EC9B /* Project object */;
}
